# This file is automatically @generated by Cargo.
# It is not intended for manual editing.
version = 4

[[package]]
name = "libc"
version = "0.2.186"
source = "registry+https://github.com/rust-lang/crates.io-index"
checksum = "68ab91017fe16c622486840e4c83c9a37afeff978bd239b5293d61ece587de66"

[[package]]
name = "sutegi"
version = "0.5.1"
dependencies = [
 "sutegi-http",
 "sutegi-json",
 "sutegi-web",
 "sutegi-ws",
]

[[package]]
name = "sutegi-crypto"
version = "0.5.1"

[[package]]
name = "sutegi-http"
version = "0.5.1"

[[package]]
name = "sutegi-json"
version = "0.5.1"

[[package]]
name = "sutegi-web"
version = "0.5.1"
dependencies = [
 "sutegi-http",
 "sutegi-json",
 "sutegi-ws",
]

[[package]]
name = "sutegi-ws"
version = "0.5.1"
dependencies = [
 "libc",
 "sutegi-crypto",
 "sutegi-http",
]

[[package]]
name = "sutegi-zumar"
version = "0.1.0"
dependencies = [
 "sutegi",
 "zumar-core",
 "zumar-runtime",
]

[[package]]
name = "zumar-core"
version = "0.1.0"

[[package]]
name = "zumar-runtime"
version = "0.1.0"
dependencies = [
 "zumar-core",
]
